{
  "name": "steady-catch",
  "version": "0.2.0",
  "lockfileVersion": 3,
  "requires": true,
  "packages": {
    "": {
      "name": "steady-catch",
      "version": "0.2.0",
      "license": "MIT",
      "bin": {
        "steady-catch": "scripts/steady-catch.mjs",
        "steady-catch-rules": "scripts/generate-agent-rules.mjs"
      },
      "engines": {
        "node": ">=18"
      }
    }
  }
}
